
Microsoft Visual Studio Solution File, Format Version 12.00
# Visual Studio Version 17
VisualStudioVersion = 17.11.35005.142
MinimumVisualStudioVersion = 10.0.40219.1
Project("{9A19103F-16F7-4668-BE54-9A1E7A4F7556}") = "DAL", "DAL\DAL.csproj", "{FB985F90-162D-4C0D-B1ED-AE5A8526AEB0}"
EndProject
Project("{9A19103F-16F7-4668-BE54-9A1E7A4F7556}") = "REST_API", "REST_API\REST_API.csproj", "{313ABB48-E813-46A0-A9E1-380C3B9DD314}"
EndProject
Project("{9A19103F-16F7-4668-BE54-9A1E7A4F7556}") = "FRONTEND", "FRONTEND\FRONTEND.csproj", "{43AD1235-2365-4337-8E2C-23B3FE1AC396}"
EndProject
Global
	GlobalSection(SolutionConfigurationPlatforms) = preSolution
		Debug|Any CPU = Debug|Any CPU
		Release|Any CPU = Release|Any CPU
	EndGlobalSection
	GlobalSection(ProjectConfigurationPlatforms) = postSolution
		{FB985F90-162D-4C0D-B1ED-AE5A8526AEB0}.Debug|Any CPU.ActiveCfg = Debug|Any CPU
		{FB985F90-162D-4C0D-B1ED-AE5A8526AEB0}.Debug|Any CPU.Build.0 = Debug|Any CPU
		{FB985F90-162D-4C0D-B1ED-AE5A8526AEB0}.Release|Any CPU.ActiveCfg = Release|Any CPU
		{FB985F90-162D-4C0D-B1ED-AE5A8526AEB0}.Release|Any CPU.Build.0 = Release|Any CPU
		{313ABB48-E813-46A0-A9E1-380C3B9DD314}.Debug|Any CPU.ActiveCfg = Debug|Any CPU
		{313ABB48-E813-46A0-A9E1-380C3B9DD314}.Debug|Any CPU.Build.0 = Debug|Any CPU
		{313ABB48-E813-46A0-A9E1-380C3B9DD314}.Release|Any CPU.ActiveCfg = Release|Any CPU
		{313ABB48-E813-46A0-A9E1-380C3B9DD314}.Release|Any CPU.Build.0 = Release|Any CPU
		{43AD1235-2365-4337-8E2C-23B3FE1AC396}.Debug|Any CPU.ActiveCfg = Debug|Any CPU
		{43AD1235-2365-4337-8E2C-23B3FE1AC396}.Debug|Any CPU.Build.0 = Debug|Any CPU
		{43AD1235-2365-4337-8E2C-23B3FE1AC396}.Release|Any CPU.ActiveCfg = Release|Any CPU
		{43AD1235-2365-4337-8E2C-23B3FE1AC396}.Release|Any CPU.Build.0 = Release|Any CPU
	EndGlobalSection
	GlobalSection(SolutionProperties) = preSolution
		HideSolutionNode = FALSE
	EndGlobalSection
	GlobalSection(ExtensibilityGlobals) = postSolution
		SolutionGuid = {1E116D35-95DA-48C7-93C8-BD806AFF6283}
	EndGlobalSection
EndGlobal
